
Microsoft Visual Studio Solution File, Format Version 12.00
# Visual Studio Version 17
VisualStudioVersion = 17.11.35303.130
MinimumVisualStudioVersion = 10.0.40219.1
Project("{8BC9CEB8-8B4A-11D0-8D11-00A0C91BC942}") = "实验五03", "实验五03.vcxproj", "{B1FED9F3-7E05-40A8-BD0A-311D4C1244FB}"
EndProject
Global
	GlobalSection(SolutionConfigurationPlatforms) = preSolution
		Debug|x64 = Debug|x64
		Debug|x86 = Debug|x86
		Release|x64 = Release|x64
		Release|x86 = Release|x86
	EndGlobalSection
	GlobalSection(ProjectConfigurationPlatforms) = postSolution
		{B1FED9F3-7E05-40A8-BD0A-311D4C1244FB}.Debug|x64.ActiveCfg = Debug|x64
		{B1FED9F3-7E05-40A8-BD0A-311D4C1244FB}.Debug|x64.Build.0 = Debug|x64
		{B1FED9F3-7E05-40A8-BD0A-311D4C1244FB}.Debug|x86.ActiveCfg = Debug|Win32
		{B1FED9F3-7E05-40A8-BD0A-311D4C1244FB}.Debug|x86.Build.0 = Debug|Win32
		{B1FED9F3-7E05-40A8-BD0A-311D4C1244FB}.Release|x64.ActiveCfg = Release|x64
		{B1FED9F3-7E05-40A8-BD0A-311D4C1244FB}.Release|x64.Build.0 = Release|x64
		{B1FED9F3-7E05-40A8-BD0A-311D4C1244FB}.Release|x86.ActiveCfg = Release|Win32
		{B1FED9F3-7E05-40A8-BD0A-311D4C1244FB}.Release|x86.Build.0 = Release|Win32
	EndGlobalSection
	GlobalSection(SolutionProperties) = preSolution
		HideSolutionNode = FALSE
	EndGlobalSection
	GlobalSection(ExtensibilityGlobals) = postSolution
		SolutionGuid = {242DD641-F500-46B3-A53D-A18A99D61668}
	EndGlobalSection
EndGlobal
